
Microsoft Visual Studio Solution File, Format Version 12.00
# Visual Studio 2013
VisualStudioVersion = 12.0.31101.0
MinimumVisualStudioVersion = 10.0.40219.1
Project("{FAE04EC0-301F-11D3-BF4B-00C04F79EFBC}") = "ExpenseManager", "ExpenseManager\ExpenseManager.csproj", "{1F088E52-5940-473F-A622-1037F839EF5C}"
EndProject
Project("{FAE04EC0-301F-11D3-BF4B-00C04F79EFBC}") = "ExpenseManager.Tests", "ExpenseManager.Tests\ExpenseManager.Tests.csproj", "{00427BDD-F5EF-4BB7-822E-650CE80C22F3}"
EndProject
Project("{FAE04EC0-301F-11D3-BF4B-00C04F79EFBC}") = "DataLayer", "DataLayer\DataLayer.csproj", "{6EEBF469-2CF9-4470-9686-FCE666DC924C}"
EndProject
Global
	GlobalSection(SolutionConfigurationPlatforms) = preSolution
		Debug|Any CPU = Debug|Any CPU
		Release|Any CPU = Release|Any CPU
	EndGlobalSection
	GlobalSection(ProjectConfigurationPlatforms) = postSolution
		{1F088E52-5940-473F-A622-1037F839EF5C}.Debug|Any CPU.ActiveCfg = Debug|Any CPU
		{1F088E52-5940-473F-A622-1037F839EF5C}.Debug|Any CPU.Build.0 = Debug|Any CPU
		{1F088E52-5940-473F-A622-1037F839EF5C}.Release|Any CPU.ActiveCfg = Release|Any CPU
		{1F088E52-5940-473F-A622-1037F839EF5C}.Release|Any CPU.Build.0 = Release|Any CPU
		{00427BDD-F5EF-4BB7-822E-650CE80C22F3}.Debug|Any CPU.ActiveCfg = Debug|Any CPU
		{00427BDD-F5EF-4BB7-822E-650CE80C22F3}.Debug|Any CPU.Build.0 = Debug|Any CPU
		{00427BDD-F5EF-4BB7-822E-650CE80C22F3}.Release|Any CPU.ActiveCfg = Release|Any CPU
		{00427BDD-F5EF-4BB7-822E-650CE80C22F3}.Release|Any CPU.Build.0 = Release|Any CPU
		{6EEBF469-2CF9-4470-9686-FCE666DC924C}.Debug|Any CPU.ActiveCfg = Debug|Any CPU
		{6EEBF469-2CF9-4470-9686-FCE666DC924C}.Debug|Any CPU.Build.0 = Debug|Any CPU
		{6EEBF469-2CF9-4470-9686-FCE666DC924C}.Release|Any CPU.ActiveCfg = Release|Any CPU
		{6EEBF469-2CF9-4470-9686-FCE666DC924C}.Release|Any CPU.Build.0 = Release|Any CPU
	EndGlobalSection
	GlobalSection(SolutionProperties) = preSolution
		HideSolutionNode = FALSE
	EndGlobalSection
EndGlobal
