
Microsoft Visual Studio Solution File, Format Version 12.00
# Visual Studio 2013
VisualStudioVersion = 12.0.31101.0
MinimumVisualStudioVersion = 10.0.40219.1
Project("{FAE04EC0-301F-11D3-BF4B-00C04F79EFBC}") = "WebDelivery", "ExpenseManager\WebDelivery.csproj", "{1F088E52-5940-473F-A622-1037F839EF5C}"
EndProject
Project("{FAE04EC0-301F-11D3-BF4B-00C04F79EFBC}") = "ExpenseManager.Tests", "ExpenseManager.Tests\ExpenseManager.Tests.csproj", "{00427BDD-F5EF-4BB7-822E-650CE80C22F3}"
EndProject
Project("{FAE04EC0-301F-11D3-BF4B-00C04F79EFBC}") = "Interactions", "Interactions\Interactions.csproj", "{1403D55D-0B4D-4D0A-B522-83BA5F3A4684}"
EndProject
Project("{FAE04EC0-301F-11D3-BF4B-00C04F79EFBC}") = "Entities", "Entities\Entities.csproj", "{CB803D13-0021-4891-BF35-46227337E472}"
EndProject
Project("{FAE04EC0-301F-11D3-BF4B-00C04F79EFBC}") = "Repositories", "Repositories\Repositories.csproj", "{1C1BA28F-FF37-43E6-B8F7-3423E86DD641}"
EndProject
Project("{FAE04EC0-301F-11D3-BF4B-00C04F79EFBC}") = "RAMRepositories", "RAMRepository\RAMRepositories.csproj", "{6DCF520C-6D0A-4853-8897-6C0AFD616888}"
EndProject
Global
	GlobalSection(SolutionConfigurationPlatforms) = preSolution
		Debug|Any CPU = Debug|Any CPU
		Release|Any CPU = Release|Any CPU
	EndGlobalSection
	GlobalSection(ProjectConfigurationPlatforms) = postSolution
		{1F088E52-5940-473F-A622-1037F839EF5C}.Debug|Any CPU.ActiveCfg = Debug|Any CPU
		{1F088E52-5940-473F-A622-1037F839EF5C}.Debug|Any CPU.Build.0 = Debug|Any CPU
		{1F088E52-5940-473F-A622-1037F839EF5C}.Release|Any CPU.ActiveCfg = Release|Any CPU
		{1F088E52-5940-473F-A622-1037F839EF5C}.Release|Any CPU.Build.0 = Release|Any CPU
		{00427BDD-F5EF-4BB7-822E-650CE80C22F3}.Debug|Any CPU.ActiveCfg = Debug|Any CPU
		{00427BDD-F5EF-4BB7-822E-650CE80C22F3}.Debug|Any CPU.Build.0 = Debug|Any CPU
		{00427BDD-F5EF-4BB7-822E-650CE80C22F3}.Release|Any CPU.ActiveCfg = Release|Any CPU
		{00427BDD-F5EF-4BB7-822E-650CE80C22F3}.Release|Any CPU.Build.0 = Release|Any CPU
		{1403D55D-0B4D-4D0A-B522-83BA5F3A4684}.Debug|Any CPU.ActiveCfg = Debug|Any CPU
		{1403D55D-0B4D-4D0A-B522-83BA5F3A4684}.Debug|Any CPU.Build.0 = Debug|Any CPU
		{1403D55D-0B4D-4D0A-B522-83BA5F3A4684}.Release|Any CPU.ActiveCfg = Release|Any CPU
		{1403D55D-0B4D-4D0A-B522-83BA5F3A4684}.Release|Any CPU.Build.0 = Release|Any CPU
		{CB803D13-0021-4891-BF35-46227337E472}.Debug|Any CPU.ActiveCfg = Debug|Any CPU
		{CB803D13-0021-4891-BF35-46227337E472}.Debug|Any CPU.Build.0 = Debug|Any CPU
		{CB803D13-0021-4891-BF35-46227337E472}.Release|Any CPU.ActiveCfg = Release|Any CPU
		{CB803D13-0021-4891-BF35-46227337E472}.Release|Any CPU.Build.0 = Release|Any CPU
		{1C1BA28F-FF37-43E6-B8F7-3423E86DD641}.Debug|Any CPU.ActiveCfg = Debug|Any CPU
		{1C1BA28F-FF37-43E6-B8F7-3423E86DD641}.Debug|Any CPU.Build.0 = Debug|Any CPU
		{1C1BA28F-FF37-43E6-B8F7-3423E86DD641}.Release|Any CPU.ActiveCfg = Release|Any CPU
		{1C1BA28F-FF37-43E6-B8F7-3423E86DD641}.Release|Any CPU.Build.0 = Release|Any CPU
		{6DCF520C-6D0A-4853-8897-6C0AFD616888}.Debug|Any CPU.ActiveCfg = Debug|Any CPU
		{6DCF520C-6D0A-4853-8897-6C0AFD616888}.Debug|Any CPU.Build.0 = Debug|Any CPU
		{6DCF520C-6D0A-4853-8897-6C0AFD616888}.Release|Any CPU.ActiveCfg = Release|Any CPU
		{6DCF520C-6D0A-4853-8897-6C0AFD616888}.Release|Any CPU.Build.0 = Release|Any CPU
	EndGlobalSection
	GlobalSection(SolutionProperties) = preSolution
		HideSolutionNode = FALSE
	EndGlobalSection
EndGlobal
